// !$*UTF8*$!
{
	archiveVersion = 1;
	classes = {
	};
	objectVersion = 46;
	objects = {

/* Begin PBXBuildFile section */
		0FE70A9E2E104B1BA53FB730 /* Pods_BZTimeCheck.framework in Frameworks */ = {isa = PBXBuildFile; fileRef = 88AEDA24FF6FCB0A63BC7B0D /* Pods_BZTimeCheck.framework */; };
		463935F11EA3AA63000FC733 /* WorkListTableViewController.m in Sources */ = {isa = PBXBuildFile; fileRef = 463935F01EA3AA63000FC733 /* WorkListTableViewController.m */; };
		463935F41EA3B2CB000FC733 /* WorkView.xib in Resources */ = {isa = PBXBuildFile; fileRef = 463935F31EA3B2CB000FC733 /* WorkView.xib */; };
		463935F71EA3B310000FC733 /* WorkTableViewCell.m in Sources */ = {isa = PBXBuildFile; fileRef = 463935F61EA3B310000FC733 /* WorkTableViewCell.m */; };
		463A1D691E99BAC70020166A /* JDDateCountdownFlipView.m in Sources */ = {isa = PBXBuildFile; fileRef = 463A1D5B1E99BAC70020166A /* JDDateCountdownFlipView.m */; };
		463A1D6A1E99BAC70020166A /* JDFlipClockView.m in Sources */ = {isa = PBXBuildFile; fileRef = 463A1D5D1E99BAC70020166A /* JDFlipClockView.m */; };
		463A1D6B1E99BAC70020166A /* JDFlipImageView.m in Sources */ = {isa = PBXBuildFile; fileRef = 463A1D5F1E99BAC70020166A /* JDFlipImageView.m */; };
		463A1D6C1E99BAC70020166A /* JDFlipNumberDigitView.m in Sources */ = {isa = PBXBuildFile; fileRef = 463A1D611E99BAC70020166A /* JDFlipNumberDigitView.m */; };
		463A1D6D1E99BAC70020166A /* JDFlipNumberView.bundle in Resources */ = {isa = PBXBuildFile; fileRef = 463A1D621E99BAC70020166A /* JDFlipNumberView.bundle */; };
		463A1D6E1E99BAC70020166A /* JDFlipNumberView.m in Sources */ = {isa = PBXBuildFile; fileRef = 463A1D641E99BAC70020166A /* JDFlipNumberView.m */; };
		463A1D6F1E99BAC70020166A /* JDFlipNumberViewImageFactory.m in Sources */ = {isa = PBXBuildFile; fileRef = 463A1D661E99BAC70020166A /* JDFlipNumberViewImageFactory.m */; };
		463A1D701E99BAC70020166A /* UIView+JDFlipImageView.m in Sources */ = {isa = PBXBuildFile; fileRef = 463A1D681E99BAC70020166A /* UIView+JDFlipImageView.m */; };
		463A1D791E99BB110020166A /* digits.png in Resources */ = {isa = PBXBuildFile; fileRef = 463A1D721E99BB110020166A /* digits.png */; };
		463A1D7A1E99BB110020166A /* Icon.psd in Resources */ = {isa = PBXBuildFile; fileRef = 463A1D731E99BB110020166A /* Icon.psd */; };
		463A1D7B1E99BB110020166A /* IconIOS7.psd in Resources */ = {isa = PBXBuildFile; fileRef = 463A1D741E99BB110020166A /* IconIOS7.psd */; };
		463A1D7C1E99BB110020166A /* JDFlipNumberView.psd in Resources */ = {isa = PBXBuildFile; fileRef = 463A1D751E99BB110020166A /* JDFlipNumberView.psd */; };
		463A1D7D1E99BB110020166A /* JDFlipNumberViewIOS7.psd in Resources */ = {isa = PBXBuildFile; fileRef = 463A1D761E99BB110020166A /* JDFlipNumberViewIOS7.psd */; };
		463A1D7E1E99BB110020166A /* screenshots.png in Resources */ = {isa = PBXBuildFile; fileRef = 463A1D771E99BB110020166A /* screenshots.png */; };
		463A1D7F1E99BB110020166A /* tweetbutton.png in Resources */ = {isa = PBXBuildFile; fileRef = 463A1D781E99BB110020166A /* tweetbutton.png */; };
		463A1D881E99D18D0020166A /* UserNotifications.framework in Frameworks */ = {isa = PBXBuildFile; fileRef = 463A1D871E99D18D0020166A /* UserNotifications.framework */; };
		463A1D8A1E99D18D0020166A /* UserNotificationsUI.framework in Frameworks */ = {isa = PBXBuildFile; fileRef = 463A1D891E99D18D0020166A /* UserNotificationsUI.framework */; };
		467CEC691EA793C000FB2D1A /* Present-50.png in Resources */ = {isa = PBXBuildFile; fileRef = 467CEC681EA793C000FB2D1A /* Present-50.png */; };
		467CEC6B1EA7940200FB2D1A /* Present-32.png in Resources */ = {isa = PBXBuildFile; fileRef = 467CEC6A1EA7940200FB2D1A /* Present-32.png */; };
		467CEC6D1EA794D800FB2D1A /* Todo List-30.png in Resources */ = {isa = PBXBuildFile; fileRef = 467CEC6C1EA794D800FB2D1A /* Todo List-30.png */; };
		4691013C1E992E360020B144 /* main.m in Sources */ = {isa = PBXBuildFile; fileRef = 4691013B1E992E360020B144 /* main.m */; };
		4691013F1E992E360020B144 /* AppDelegate.m in Sources */ = {isa = PBXBuildFile; fileRef = 4691013E1E992E360020B144 /* AppDelegate.m */; };
		469101421E992E360020B144 /* ViewController.m in Sources */ = {isa = PBXBuildFile; fileRef = 469101411E992E360020B144 /* ViewController.m */; };
		469101451E992E360020B144 /* Main.storyboard in Resources */ = {isa = PBXBuildFile; fileRef = 469101431E992E360020B144 /* Main.storyboard */; };
		469101471E992E360020B144 /* Assets.xcassets in Resources */ = {isa = PBXBuildFile; fileRef = 469101461E992E360020B144 /* Assets.xcassets */; };
		4691014A1E992E360020B144 /* LaunchScreen.storyboard in Resources */ = {isa = PBXBuildFile; fileRef = 469101481E992E360020B144 /* LaunchScreen.storyboard */; };
		469101551E992E360020B144 /* BZTimeCheckTests.m in Sources */ = {isa = PBXBuildFile; fileRef = 469101541E992E360020B144 /* BZTimeCheckTests.m */; };
		469101601E992E360020B144 /* BZTimeCheckUITests.m in Sources */ = {isa = PBXBuildFile; fileRef = 4691015F1E992E360020B144 /* BZTimeCheckUITests.m */; };
		46A268621EAB92B600774F75 /* TabViewController.m in Sources */ = {isa = PBXBuildFile; fileRef = 46A268611EAB92B600774F75 /* TabViewController.m */; };
		46FEAA4E1EAC809C00F8517A /* 9squares-AlBoardman.json in Resources */ = {isa = PBXBuildFile; fileRef = 46FEAA241EAC809B00F8517A /* 9squares-AlBoardman.json */; };
		46FEAA4F1EAC809C00F8517A /* HamburgerArrow.json in Resources */ = {isa = PBXBuildFile; fileRef = 46FEAA251EAC809B00F8517A /* HamburgerArrow.json */; };
		46FEAA501EAC809C00F8517A /* IconTransitions.json in Resources */ = {isa = PBXBuildFile; fileRef = 46FEAA261EAC809B00F8517A /* IconTransitions.json */; };
		46FEAA511EAC809C00F8517A /* LottieLogo1_masked.json in Resources */ = {isa = PBXBuildFile; fileRef = 46FEAA271EAC809B00F8517A /* LottieLogo1_masked.json */; };
		46FEAA521EAC809C00F8517A /* LottieLogo1.json in Resources */ = {isa = PBXBuildFile; fileRef = 46FEAA281EAC809B00F8517A /* LottieLogo1.json */; };
		46FEAA531EAC809C00F8517A /* LottieLogo2.json in Resources */ = {isa = PBXBuildFile; fileRef = 46FEAA291EAC809B00F8517A /* LottieLogo2.json */; };
		46FEAA541EAC809C00F8517A /* MotionCorpse-Jrcanest.json in Resources */ = {isa = PBXBuildFile; fileRef = 46FEAA2A1EAC809B00F8517A /* MotionCorpse-Jrcanest.json */; };
		46FEAA551EAC809C00F8517A /* PinJump.json in Resources */ = {isa = PBXBuildFile; fileRef = 46FEAA2B1EAC809B00F8517A /* PinJump.json */; };
		46FEAA561EAC809C00F8517A /* TwitterHeart.json in Resources */ = {isa = PBXBuildFile; fileRef = 46FEAA2C1EAC809B00F8517A /* TwitterHeart.json */; };
		46FEAA571EAC809C00F8517A /* A.json in Resources */ = {isa = PBXBuildFile; fileRef = 46FEAA2D1EAC809B00F8517A /* A.json */; };
		46FEAA581EAC809C00F8517A /* Apostrophe.json in Resources */ = {isa = PBXBuildFile; fileRef = 46FEAA2E1EAC809B00F8517A /* Apostrophe.json */; };
		46FEAA591EAC809C00F8517A /* B.json in Resources */ = {isa = PBXBuildFile; fileRef = 46FEAA2F1EAC809B00F8517A /* B.json */; };
		46FEAA5A1EAC809C00F8517A /* BlinkingCursor.json in Resources */ = {isa = PBXBuildFile; fileRef = 46FEAA301EAC809B00F8517A /* BlinkingCursor.json */; };
		46FEAA5B1EAC809C00F8517A /* C.json in Resources */ = {isa = PBXBuildFile; fileRef = 46FEAA311EAC809B00F8517A /* C.json */; };
		46FEAA5C1EAC809C00F8517A /* Colon.json in Resources */ = {isa = PBXBuildFile; fileRef = 46FEAA321EAC809B00F8517A /* Colon.json */; };
		46FEAA5D1EAC809C00F8517A /* Comma.json in Resources */ = {isa = PBXBuildFile; fileRef = 46FEAA331EAC809B00F8517A /* Comma.json */; };
		46FEAA5E1EAC809C00F8517A /* D.json in Resources */ = {isa = PBXBuildFile; fileRef = 46FEAA341EAC809B00F8517A /* D.json */; };
		46FEAA5F1EAC809C00F8517A /* E.json in Resources */ = {isa = PBXBuildFile; fileRef = 46FEAA351EAC809B00F8517A /* E.json */; };
		46FEAA601EAC809C00F8517A /* F.json in Resources */ = {isa = PBXBuildFile; fileRef = 46FEAA361EAC809C00F8517A /* F.json */; };
		46FEAA611EAC809C00F8517A /* G.json in Resources */ = {isa = PBXBuildFile; fileRef = 46FEAA371EAC809C00F8517A /* G.json */; };
		46FEAA621EAC809C00F8517A /* H.json in Resources */ = {isa = PBXBuildFile; fileRef = 46FEAA381EAC809C00F8517A /* H.json */; };
		46FEAA631EAC809C00F8517A /* I.json in Resources */ = {isa = PBXBuildFile; fileRef = 46FEAA391EAC809C00F8517A /* I.json */; };
		46FEAA641EAC809C00F8517A /* J.json in Resources */ = {isa = PBXBuildFile; fileRef = 46FEAA3A1EAC809C00F8517A /* J.json */; };
		46FEAA651EAC809C00F8517A /* K.json in Resources */ = {isa = PBXBuildFile; fileRef = 46FEAA3B1EAC809C00F8517A /* K.json */; };
		46FEAA661EAC809C00F8517A /* L.json in Resources */ = {isa = PBXBuildFile; fileRef = 46FEAA3C1EAC809C00F8517A /* L.json */; };
		46FEAA671EAC809C00F8517A /* M.json in Resources */ = {isa = PBXBuildFile; fileRef = 46FEAA3D1EAC809C00F8517A /* M.json */; };
		46FEAA681EAC809C00F8517A /* N.json in Resources */ = {isa = PBXBuildFile; fileRef = 46FEAA3E1EAC809C00F8517A /* N.json */; };
		46FEAA691EAC809C00F8517A /* O.json in Resources */ = {isa = PBXBuildFile; fileRef = 46FEAA3F1EAC809C00F8517A /* O.json */; };
		46FEAA6A1EAC809C00F8517A /* P.json in Resources */ = {isa = PBXBuildFile; fileRef = 46FEAA401EAC809C00F8517A /* P.json */; };
		46FEAA6B1EAC809C00F8517A /* Q.json in Resources */ = {isa = PBXBuildFile; fileRef = 46FEAA411EAC809C00F8517A /* Q.json */; };
		46FEAA6C1EAC809C00F8517A /* R.json in Resources */ = {isa = PBXBuildFile; fileRef = 46FEAA421EAC809C00F8517A /* R.json */; };
		46FEAA6D1EAC809C00F8517A /* S.json in Resources */ = {isa = PBXBuildFile; fileRef = 46FEAA431EAC809C00F8517A /* S.json */; };
		46FEAA6E1EAC809C00F8517A /* T.json in Resources */ = {isa = PBXBuildFile; fileRef = 46FEAA441EAC809C00F8517A /* T.json */; };
		46FEAA6F1EAC809C00F8517A /* U.json in Resources */ = {isa = PBXBuildFile; fileRef = 46FEAA451EAC809C00F8517A /* U.json */; };
		46FEAA701EAC809C00F8517A /* V.json in Resources */ = {isa = PBXBuildFile; fileRef = 46FEAA461EAC809C00F8517A /* V.json */; };
		46FEAA711EAC809C00F8517A /* W.json in Resources */ = {isa = PBXBuildFile; fileRef = 46FEAA471EAC809C00F8517A /* W.json */; };
		46FEAA721EAC809C00F8517A /* X.json in Resources */ = {isa = PBXBuildFile; fileRef = 46FEAA481EAC809C00F8517A /* X.json */; };
		46FEAA731EAC809C00F8517A /* Y.json in Resources */ = {isa = PBXBuildFile; fileRef = 46FEAA491EAC809C00F8517A /* Y.json */; };
		46FEAA741EAC809C00F8517A /* Z.json in Resources */ = {isa = PBXBuildFile; fileRef = 46FEAA4A1EAC809C00F8517A /* Z.json */; };
		46FEAA751EAC809C00F8517A /* vcTransition1.json in Resources */ = {isa = PBXBuildFile; fileRef = 46FEAA4B1EAC809C00F8517A /* vcTransition1.json */; };
		46FEAA761EAC809C00F8517A /* vcTransition2.json in Resources */ = {isa = PBXBuildFile; fileRef = 46FEAA4C1EAC809C00F8517A /* vcTransition2.json */; };
		46FEAA771EAC809C00F8517A /* Watermelon.json in Resources */ = {isa = PBXBuildFile; fileRef = 46FEAA4D1EAC809C00F8517A /* Watermelon.json */; };
		46FEAA7A1EAC832600F8517A /* LaunchViewController.m in Sources */ = {isa = PBXBuildFile; fileRef = 46FEAA791EAC832600F8517A /* LaunchViewController.m */; };
		46FEAA7C1EAC864600F8517A /* clock.json in Resources */ = {isa = PBXBuildFile; fileRef = 46FEAA7B1EAC864600F8517A /* clock.json */; };
		46FEAA7E1EAC8B7600F8517A /* play_button.json in Resources */ = {isa = PBXBuildFile; fileRef = 46FEAA7D1EAC8B7600F8517A /* play_button.json */; };
		46FEAA821EAC989A00F8517A /* quick_hart_select.json in Resources */ = {isa = PBXBuildFile; fileRef = 46FEAA811EAC989A00F8517A /* quick_hart_select.json */; };
		BB7703122D7E53945B5B0B43 /* Pods_BZTimeCheckTests.framework in Frameworks */ = {isa = PBXBuildFile; fileRef = 24E87E57205110C739BAC920 /* Pods_BZTimeCheckTests.framework */; };
		D575BDDDFF37C04781ED0E6D /* Pods_BZTimeCheckUITests.framework in Frameworks */ = {isa = PBXBuildFile; fileRef = 3234ADB8C70C5B5857CFDF44 /* Pods_BZTimeCheckUITests.framework */; };
/* End PBXBuildFile section */

/* Begin PBXContainerItemProxy section */
		469101511E992E360020B144 /* PBXContainerItemProxy */ = {
			isa = PBXContainerItemProxy;
			containerPortal = 4691012F1E992E360020B144 /* Project object */;
			proxyType = 1;
			remoteGlobalIDString = 469101361E992E360020B144;
			remoteInfo = BZTimeCheck;
		};
		4691015C1E992E360020B144 /* PBXContainerItemProxy */ = {
			isa = PBXContainerItemProxy;
			containerPortal = 4691012F1E992E360020B144 /* Project object */;
			proxyType = 1;
			remoteGlobalIDString = 469101361E992E360020B144;
			remoteInfo = BZTimeCheck;
		};
/* End PBXContainerItemProxy section */

/* Begin PBXFileReference section */
		24E87E57205110C739BAC920 /* Pods_BZTimeCheckTests.framework */ = {isa = PBXFileReference; explicitFileType = wrapper.framework; includeInIndex = 0; path = Pods_BZTimeCheckTests.framework; sourceTree = BUILT_PRODUCTS_DIR; };
		310D3C75955CE909308E8A9A /* Pods-BZTimeCheckUITests.release.xcconfig */ = {isa = PBXFileReference; includeInIndex = 1; lastKnownFileType = text.xcconfig; name = "Pods-BZTimeCheckUITests.release.xcconfig"; path = "Pods/Target Support Files/Pods-BZTimeCheckUITests/Pods-BZTimeCheckUITests.release.xcconfig"; sourceTree = "<group>"; };
		3234ADB8C70C5B5857CFDF44 /* Pods_BZTimeCheckUITests.framework */ = {isa = PBXFileReference; explicitFileType = wrapper.framework; includeInIndex = 0; path = Pods_BZTimeCheckUITests.framework; sourceTree = BUILT_PRODUCTS_DIR; };
		463935EF1EA3AA63000FC733 /* WorkListTableViewController.h */ = {isa = PBXFileReference; fileEncoding = 4; lastKnownFileType = sourcecode.c.h; path = WorkListTableViewController.h; sourceTree = "<group>"; };
		463935F01EA3AA63000FC733 /* WorkListTableViewController.m */ = {isa = PBXFileReference; fileEncoding = 4; lastKnownFileType = sourcecode.c.objc; path = WorkListTableViewController.m; sourceTree = "<group>"; };
		463935F21EA3ACFA000FC733 /* CommonConst.h */ = {isa = PBXFileReference; lastKnownFileType = sourcecode.c.h; path = CommonConst.h; sourceTree = "<group>"; };
		463935F31EA3B2CB000FC733 /* WorkView.xib */ = {isa = PBXFileReference; fileEncoding = 4; lastKnownFileType = file.xib; path = WorkView.xib; sourceTree = "<group>"; };
		463935F51EA3B310000FC733 /* WorkTableViewCell.h */ = {isa = PBXFileReference; fileEncoding = 4; lastKnownFileType = sourcecode.c.h; path = WorkTableViewCell.h; sourceTree = "<group>"; };
		463935F61EA3B310000FC733 /* WorkTableViewCell.m */ = {isa = PBXFileReference; fileEncoding = 4; lastKnownFileType = sourcecode.c.objc; path = WorkTableViewCell.m; sourceTree = "<group>"; };
		463A1D5A1E99BAC70020166A /* JDDateCountdownFlipView.h */ = {isa = PBXFileReference; fileEncoding = 4; lastKnownFileType = sourcecode.c.h; path = JDDateCountdownFlipView.h; sourceTree = "<group>"; };
		463A1D5B1E99BAC70020166A /* JDDateCountdownFlipView.m */ = {isa = PBXFileReference; fileEncoding = 4; lastKnownFileType = sourcecode.c.objc; path = JDDateCountdownFlipView.m; sourceTree = "<group>"; };
		463A1D5C1E99BAC70020166A /* JDFlipClockView.h */ = {isa = PBXFileReference; fileEncoding = 4; lastKnownFileType = sourcecode.c.h; path = JDFlipClockView.h; sourceTree = "<group>"; };
		463A1D5D1E99BAC70020166A /* JDFlipClockView.m */ = {isa = PBXFileReference; fileEncoding = 4; lastKnownFileType = sourcecode.c.objc; path = JDFlipClockView.m; sourceTree = "<group>"; };
		463A1D5E1E99BAC70020166A /* JDFlipImageView.h */ = {isa = PBXFileReference; fileEncoding = 4; lastKnownFileType = sourcecode.c.h; path = JDFlipImageView.h; sourceTree = "<group>"; };
		463A1D5F1E99BAC70020166A /* JDFlipImageView.m */ = {isa = PBXFileReference; fileEncoding = 4; lastKnownFileType = sourcecode.c.objc; path = JDFlipImageView.m; sourceTree = "<group>"; };
		463A1D601E99BAC70020166A /* JDFlipNumberDigitView.h */ = {isa = PBXFileReference; fileEncoding = 4; lastKnownFileType = sourcecode.c.h; path = JDFlipNumberDigitView.h; sourceTree = "<group>"; };
		463A1D611E99BAC70020166A /* JDFlipNumberDigitView.m */ = {isa = PBXFileReference; fileEncoding = 4; lastKnownFileType = sourcecode.c.objc; path = JDFlipNumberDigitView.m; sourceTree = "<group>"; };
		463A1D621E99BAC70020166A /* JDFlipNumberView.bundle */ = {isa = PBXFileReference; lastKnownFileType = "wrapper.plug-in"; path = JDFlipNumberView.bundle; sourceTree = "<group>"; };
		463A1D631E99BAC70020166A /* JDFlipNumberView.h */ = {isa = PBXFileReference; fileEncoding = 4; lastKnownFileType = sourcecode.c.h; path = JDFlipNumberView.h; sourceTree = "<group>"; };
		463A1D641E99BAC70020166A /* JDFlipNumberView.m */ = {isa = PBXFileReference; fileEncoding = 4; lastKnownFileType = sourcecode.c.objc; path = JDFlipNumberView.m; sourceTree = "<group>"; };
		463A1D651E99BAC70020166A /* JDFlipNumberViewImageFactory.h */ = {isa = PBXFileReference; fileEncoding = 4; lastKnownFileType = sourcecode.c.h; path = JDFlipNumberViewImageFactory.h; sourceTree = "<group>"; };
		463A1D661E99BAC70020166A /* JDFlipNumberViewImageFactory.m */ = {isa = PBXFileReference; fileEncoding = 4; lastKnownFileType = sourcecode.c.objc; path = JDFlipNumberViewImageFactory.m; sourceTree = "<group>"; };
		463A1D671E99BAC70020166A /* UIView+JDFlipImageView.h */ = {isa = PBXFileReference; fileEncoding = 4; lastKnownFileType = sourcecode.c.h; path = "UIView+JDFlipImageView.h"; sourceTree = "<group>"; };
		463A1D681E99BAC70020166A /* UIView+JDFlipImageView.m */ = {isa = PBXFileReference; fileEncoding = 4; lastKnownFileType = sourcecode.c.objc; path = "UIView+JDFlipImageView.m"; sourceTree = "<group>"; };
		463A1D721E99BB110020166A /* digits.png */ = {isa = PBXFileReference; lastKnownFileType = image.png; path = digits.png; sourceTree = "<group>"; };
		463A1D731E99BB110020166A /* Icon.psd */ = {isa = PBXFileReference; lastKnownFileType = file; path = Icon.psd; sourceTree = "<group>"; };
		463A1D741E99BB110020166A /* IconIOS7.psd */ = {isa = PBXFileReference; lastKnownFileType = file; path = IconIOS7.psd; sourceTree = "<group>"; };
		463A1D751E99BB110020166A /* JDFlipNumberView.psd */ = {isa = PBXFileReference; lastKnownFileType = file; path = JDFlipNumberView.psd; sourceTree = "<group>"; };
		463A1D761E99BB110020166A /* JDFlipNumberViewIOS7.psd */ = {isa = PBXFileReference; lastKnownFileType = file; path = JDFlipNumberViewIOS7.psd; sourceTree = "<group>"; };
		463A1D771E99BB110020166A /* screenshots.png */ = {isa = PBXFileReference; lastKnownFileType = image.png; path = screenshots.png; sourceTree = "<group>"; };
		463A1D781E99BB110020166A /* tweetbutton.png */ = {isa = PBXFileReference; lastKnownFileType = image.png; path = tweetbutton.png; sourceTree = "<group>"; };
		463A1D801E99CC490020166A /* BZTimeCheck.entitlements */ = {isa = PBXFileReference; lastKnownFileType = text.plist.entitlements; path = BZTimeCheck.entitlements; sourceTree = "<group>"; };
		463A1D851E99D18D0020166A /* NotiContent.appex */ = {isa = PBXFileReference; explicitFileType = "wrapper.app-extension"; includeInIndex = 0; path = NotiContent.appex; sourceTree = BUILT_PRODUCTS_DIR; };
		463A1D871E99D18D0020166A /* UserNotifications.framework */ = {isa = PBXFileReference; lastKnownFileType = wrapper.framework; name = UserNotifications.framework; path = System/Library/Frameworks/UserNotifications.framework; sourceTree = SDKROOT; };
		463A1D891E99D18D0020166A /* UserNotificationsUI.framework */ = {isa = PBXFileReference; lastKnownFileType = wrapper.framework; name = UserNotificationsUI.framework; path = System/Library/Frameworks/UserNotificationsUI.framework; sourceTree = SDKROOT; };
		467CEC681EA793C000FB2D1A /* Present-50.png */ = {isa = PBXFileReference; lastKnownFileType = image.png; path = "Present-50.png"; sourceTree = "<group>"; };
		467CEC6A1EA7940200FB2D1A /* Present-32.png */ = {isa = PBXFileReference; lastKnownFileType = image.png; path = "Present-32.png"; sourceTree = "<group>"; };
		467CEC6C1EA794D800FB2D1A /* Todo List-30.png */ = {isa = PBXFileReference; lastKnownFileType = image.png; path = "Todo List-30.png"; sourceTree = "<group>"; };
		469101371E992E360020B144 /* BZTimeCheck.app */ = {isa = PBXFileReference; explicitFileType = wrapper.application; includeInIndex = 0; path = BZTimeCheck.app; sourceTree = BUILT_PRODUCTS_DIR; };
		4691013B1E992E360020B144 /* main.m */ = {isa = PBXFileReference; lastKnownFileType = sourcecode.c.objc; path = main.m; sourceTree = "<group>"; };
		4691013D1E992E360020B144 /* AppDelegate.h */ = {isa = PBXFileReference; lastKnownFileType = sourcecode.c.h; path = AppDelegate.h; sourceTree = "<group>"; };
		4691013E1E992E360020B144 /* AppDelegate.m */ = {isa = PBXFileReference; lastKnownFileType = sourcecode.c.objc; path = AppDelegate.m; sourceTree = "<group>"; };
		469101401E992E360020B144 /* ViewController.h */ = {isa = PBXFileReference; lastKnownFileType = sourcecode.c.h; path = ViewController.h; sourceTree = "<group>"; };
		469101411E992E360020B144 /* ViewController.m */ = {isa = PBXFileReference; lastKnownFileType = sourcecode.c.objc; path = ViewController.m; sourceTree = "<group>"; };
		469101441E992E360020B144 /* Base */ = {isa = PBXFileReference; lastKnownFileType = file.storyboard; name = Base; path = Base.lproj/Main.storyboard; sourceTree = "<group>"; };
		469101461E992E360020B144 /* Assets.xcassets */ = {isa = PBXFileReference; lastKnownFileType = folder.assetcatalog; path = Assets.xcassets; sourceTree = "<group>"; };
		469101491E992E360020B144 /* Base */ = {isa = PBXFileReference; lastKnownFileType = file.storyboard; name = Base; path = Base.lproj/LaunchScreen.storyboard; sourceTree = "<group>"; };
		4691014B1E992E360020B144 /* Info.plist */ = {isa = PBXFileReference; lastKnownFileType = text.plist.xml; path = Info.plist; sourceTree = "<group>"; };
		469101501E992E360020B144 /* BZTimeCheckTests.xctest */ = {isa = PBXFileReference; explicitFileType = wrapper.cfbundle; includeInIndex = 0; path = BZTimeCheckTests.xctest; sourceTree = BUILT_PRODUCTS_DIR; };
		469101541E992E360020B144 /* BZTimeCheckTests.m */ = {isa = PBXFileReference; lastKnownFileType = sourcecode.c.objc; path = BZTimeCheckTests.m; sourceTree = "<group>"; };
		469101561E992E360020B144 /* Info.plist */ = {isa = PBXFileReference; lastKnownFileType = text.plist.xml; path = Info.plist; sourceTree = "<group>"; };
		4691015B1E992E360020B144 /* BZTimeCheckUITests.xctest */ = {isa = PBXFileReference; explicitFileType = wrapper.cfbundle; includeInIndex = 0; path = BZTimeCheckUITests.xctest; sourceTree = BUILT_PRODUCTS_DIR; };
		4691015F1E992E360020B144 /* BZTimeCheckUITests.m */ = {isa = PBXFileReference; lastKnownFileType = sourcecode.c.objc; path = BZTimeCheckUITests.m; sourceTree = "<group>"; };
		469101611E992E360020B144 /* Info.plist */ = {isa = PBXFileReference; lastKnownFileType = text.plist.xml; path = Info.plist; sourceTree = "<group>"; };
		46A268601EAB92B600774F75 /* TabViewController.h */ = {isa = PBXFileReference; fileEncoding = 4; lastKnownFileType = sourcecode.c.h; path = TabViewController.h; sourceTree = "<group>"; };
		46A268611EAB92B600774F75 /* TabViewController.m */ = {isa = PBXFileReference; fileEncoding = 4; lastKnownFileType = sourcecode.c.objc; path = TabViewController.m; sourceTree = "<group>"; };
		46FEAA241EAC809B00F8517A /* 9squares-AlBoardman.json */ = {isa = PBXFileReference; fileEncoding = 4; lastKnownFileType = text.json; path = "9squares-AlBoardman.json"; sourceTree = "<group>"; };
		46FEAA251EAC809B00F8517A /* HamburgerArrow.json */ = {isa = PBXFileReference; fileEncoding = 4; lastKnownFileType = text.json; path = HamburgerArrow.json; sourceTree = "<group>"; };
		46FEAA261EAC809B00F8517A /* IconTransitions.json */ = {isa = PBXFileReference; fileEncoding = 4; lastKnownFileType = text.json; path = IconTransitions.json; sourceTree = "<group>"; };
		46FEAA271EAC809B00F8517A /* LottieLogo1_masked.json */ = {isa = PBXFileReference; fileEncoding = 4; lastKnownFileType = text.json; path = LottieLogo1_masked.json; sourceTree = "<group>"; };
		46FEAA281EAC809B00F8517A /* LottieLogo1.json */ = {isa = PBXFileReference; fileEncoding = 4; lastKnownFileType = text.json; path = LottieLogo1.json; sourceTree = "<group>"; };
		46FEAA291EAC809B00F8517A /* LottieLogo2.json */ = {isa = PBXFileReference; fileEncoding = 4; lastKnownFileType = text.json; path = LottieLogo2.json; sourceTree = "<group>"; };
		46FEAA2A1EAC809B00F8517A /* MotionCorpse-Jrcanest.json */ = {isa = PBXFileReference; fileEncoding = 4; lastKnownFileType = text.json; path = "MotionCorpse-Jrcanest.json"; sourceTree = "<group>"; };
		46FEAA2B1EAC809B00F8517A /* PinJump.json */ = {isa = PBXFileReference; fileEncoding = 4; lastKnownFileType = text.json; path = PinJump.json; sourceTree = "<group>"; };
		46FEAA2C1EAC809B00F8517A /* TwitterHeart.json */ = {isa = PBXFileReference; fileEncoding = 4; lastKnownFileType = text.json; path = TwitterHeart.json; sourceTree = "<group>"; };
		46FEAA2D1EAC809B00F8517A /* A.json */ = {isa = PBXFileReference; fileEncoding = 4; lastKnownFileType = text.json; path = A.json; sourceTree = "<group>"; };
		46FEAA2E1EAC809B00F8517A /* Apostrophe.json */ = {isa = PBXFileReference; fileEncoding = 4; lastKnownFileType = text.json; path = Apostrophe.json; sourceTree = "<group>"; };
		46FEAA2F1EAC809B00F8517A /* B.json */ = {isa = PBXFileReference; fileEncoding = 4; lastKnownFileType = text.json; path = B.json; sourceTree = "<group>"; };
		46FEAA301EAC809B00F8517A /* BlinkingCursor.json */ = {isa = PBXFileReference; fileEncoding = 4; lastKnownFileType = text.json; path = BlinkingCursor.json; sourceTree = "<group>"; };
		46FEAA311EAC809B00F8517A /* C.json */ = {isa = PBXFileReference; fileEncoding = 4; lastKnownFileType = text.json; path = C.json; sourceTree = "<group>"; };
		46FEAA321EAC809B00F8517A /* Colon.json */ = {isa = PBXFileReference; fileEncoding = 4; lastKnownFileType = text.json; path = Colon.json; sourceTree = "<group>"; };
		46FEAA331EAC809B00F8517A /* Comma.json */ = {isa = PBXFileReference; fileEncoding = 4; lastKnownFileType = text.json; path = Comma.json; sourceTree = "<group>"; };
		46FEAA341EAC809B00F8517A /* D.json */ = {isa = PBXFileReference; fileEncoding = 4; lastKnownFileType = text.json; path = D.json; sourceTree = "<group>"; };
		46FEAA351EAC809B00F8517A /* E.json */ = {isa = PBXFileReference; fileEncoding = 4; lastKnownFileType = text.json; path = E.json; sourceTree = "<group>"; };
		46FEAA361EAC809C00F8517A /* F.json */ = {isa = PBXFileReference; fileEncoding = 4; lastKnownFileType = text.json; path = F.json; sourceTree = "<group>"; };
		46FEAA371EAC809C00F8517A /* G.json */ = {isa = PBXFileReference; fileEncoding = 4; lastKnownFileType = text.json; path = G.json; sourceTree = "<group>"; };
		46FEAA381EAC809C00F8517A /* H.json */ = {isa = PBXFileReference; fileEncoding = 4; lastKnownFileType = text.json; path = H.json; sourceTree = "<group>"; };
		46FEAA391EAC809C00F8517A /* I.json */ = {isa = PBXFileReference; fileEncoding = 4; lastKnownFileType = text.json; path = I.json; sourceTree = "<group>"; };
		46FEAA3A1EAC809C00F8517A /* J.json */ = {isa = PBXFileReference; fileEncoding = 4; lastKnownFileType = text.json; path = J.json; sourceTree = "<group>"; };
		46FEAA3B1EAC809C00F8517A /* K.json */ = {isa = PBXFileReference; fileEncoding = 4; lastKnownFileType = text.json; path = K.json; sourceTree = "<group>"; };
		46FEAA3C1EAC809C00F8517A /* L.json */ = {isa = PBXFileReference; fileEncoding = 4; lastKnownFileType = text.json; path = L.json; sourceTree = "<group>"; };
		46FEAA3D1EAC809C00F8517A /* M.json */ = {isa = PBXFileReference; fileEncoding = 4; lastKnownFileType = text.json; path = M.json; sourceTree = "<group>"; };
		46FEAA3E1EAC809C00F8517A /* N.json */ = {isa = PBXFileReference; fileEncoding = 4; lastKnownFileType = text.json; path = N.json; sourceTree = "<group>"; };
		46FEAA3F1EAC809C00F8517A /* O.json */ = {isa = PBXFileReference; fileEncoding = 4; lastKnownFileType = text.json; path = O.json; sourceTree = "<group>"; };
		46FEAA401EAC809C00F8517A /* P.json */ = {isa = PBXFileReference; fileEncoding = 4; lastKnownFileType = text.json; path = P.json; sourceTree = "<group>"; };
		46FEAA411EAC809C00F8517A /* Q.json */ = {isa = PBXFileReference; fileEncoding = 4; lastKnownFileType = text.json; path = Q.json; sourceTree = "<group>"; };
		46FEAA421EAC809C00F8517A /* R.json */ = {isa = PBXFileReference; fileEncoding = 4; lastKnownFileType = text.json; path = R.json; sourceTree = "<group>"; };
		46FEAA431EAC809C00F8517A /* S.json */ = {isa = PBXFileReference; fileEncoding = 4; lastKnownFileType = text.json; path = S.json; sourceTree = "<group>"; };
		46FEAA441EAC809C00F8517A /* T.json */ = {isa = PBXFileReference; fileEncoding = 4; lastKnownFileType = text.json; path = T.json; sourceTree = "<group>"; };
		46FEAA451EAC809C00F8517A /* U.json */ = {isa = PBXFileReference; fileEncoding = 4; lastKnownFileType = text.json; path = U.json; sourceTree = "<group>"; };
		46FEAA461EAC809C00F8517A /* V.json */ = {isa = PBXFileReference; fileEncoding = 4; lastKnownFileType = text.json; path = V.json; sourceTree = "<group>"; };
		46FEAA471EAC809C00F8517A /* W.json */ = {isa = PBXFileReference; fileEncoding = 4; lastKnownFileType = text.json; path = W.json; sourceTree = "<group>"; };
		46FEAA481EAC809C00F8517A /* X.json */ = {isa = PBXFileReference; fileEncoding = 4; lastKnownFileType = text.json; path = X.json; sourceTree = "<group>"; };
		46FEAA491EAC809C00F8517A /* Y.json */ = {isa = PBXFileReference; fileEncoding = 4; lastKnownFileType = text.json; path = Y.json; sourceTree = "<group>"; };
		46FEAA4A1EAC809C00F8517A /* Z.json */ = {isa = PBXFileReference; fileEncoding = 4; lastKnownFileType = text.json; path = Z.json; sourceTree = "<group>"; };
		46FEAA4B1EAC809C00F8517A /* vcTransition1.json */ = {isa = PBXFileReference; fileEncoding = 4; lastKnownFileType = text.json; path = vcTransition1.json; sourceTree = "<group>"; };
		46FEAA4C1EAC809C00F8517A /* vcTransition2.json */ = {isa = PBXFileReference; fileEncoding = 4; lastKnownFileType = text.json; path = vcTransition2.json; sourceTree = "<group>"; };
		46FEAA4D1EAC809C00F8517A /* Watermelon.json */ = {isa = PBXFileReference; fileEncoding = 4; lastKnownFileType = text.json; path = Watermelon.json; sourceTree = "<group>"; };
		46FEAA781EAC832600F8517A /* LaunchViewController.h */ = {isa = PBXFileReference; fileEncoding = 4; lastKnownFileType = sourcecode.c.h; path = LaunchViewController.h; sourceTree = "<group>"; };
		46FEAA791EAC832600F8517A /* LaunchViewController.m */ = {isa = PBXFileReference; fileEncoding = 4; lastKnownFileType = sourcecode.c.objc; path = LaunchViewController.m; sourceTree = "<group>"; };
		46FEAA7B1EAC864600F8517A /* clock.json */ = {isa = PBXFileReference; fileEncoding = 4; lastKnownFileType = text.json; path = clock.json; sourceTree = "<group>"; };
		46FEAA7D1EAC8B7600F8517A /* play_button.json */ = {isa = PBXFileReference; fileEncoding = 4; lastKnownFileType = text.json; path = play_button.json; sourceTree = "<group>"; };
		46FEAA811EAC989A00F8517A /* quick_hart_select.json */ = {isa = PBXFileReference; fileEncoding = 4; lastKnownFileType = text.json; path = quick_hart_select.json; sourceTree = "<group>"; };
		691779AEC1C1DB014EF9D55C /* Pods-BZTimeCheckTests.release.xcconfig */ = {isa = PBXFileReference; includeInIndex = 1; lastKnownFileType = text.xcconfig; name = "Pods-BZTimeCheckTests.release.xcconfig"; path = "Pods/Target Support Files/Pods-BZTimeCheckTests/Pods-BZTimeCheckTests.release.xcconfig"; sourceTree = "<group>"; };
		69EBB1E223F280AC7E965686 /* Pods-BZTimeCheck.release.xcconfig */ = {isa = PBXFileReference; includeInIndex = 1; lastKnownFileType = text.xcconfig; name = "Pods-BZTimeCheck.release.xcconfig"; path = "Pods/Target Support Files/Pods-BZTimeCheck/Pods-BZTimeCheck.release.xcconfig"; sourceTree = "<group>"; };
		7795AE8078BF21905C055A91 /* Pods-BZTimeCheck.debug.xcconfig */ = {isa = PBXFileReference; includeInIndex = 1; lastKnownFileType = text.xcconfig; name = "Pods-BZTimeCheck.debug.xcconfig"; path = "Pods/Target Support Files/Pods-BZTimeCheck/Pods-BZTimeCheck.debug.xcconfig"; sourceTree = "<group>"; };
		88AEDA24FF6FCB0A63BC7B0D /* Pods_BZTimeCheck.framework */ = {isa = PBXFileReference; explicitFileType = wrapper.framework; includeInIndex = 0; path = Pods_BZTimeCheck.framework; sourceTree = BUILT_PRODUCTS_DIR; };
		B160D569DB90960C4754A9EF /* Pods-BZTimeCheckTests.debug.xcconfig */ = {isa = PBXFileReference; includeInIndex = 1; lastKnownFileType = text.xcconfig; name = "Pods-BZTimeCheckTests.debug.xcconfig"; path = "Pods/Target Support Files/Pods-BZTimeCheckTests/Pods-BZTimeCheckTests.debug.xcconfig"; sourceTree = "<group>"; };
		BEC9A54E120F5C7231DA0872 /* Pods-BZTimeCheckUITests.debug.xcconfig */ = {isa = PBXFileReference; includeInIndex = 1; lastKnownFileType = text.xcconfig; name = "Pods-BZTimeCheckUITests.debug.xcconfig"; path = "Pods/Target Support Files/Pods-BZTimeCheckUITests/Pods-BZTimeCheckUITests.debug.xcconfig"; sourceTree = "<group>"; };
/* End PBXFileReference section */

/* Begin PBXFrameworksBuildPhase section */
		463A1D821E99D18D0020166A /* Frameworks */ = {
			isa = PBXFrameworksBuildPhase;
			buildActionMask = 2147483647;
			files = (
				463A1D8A1E99D18D0020166A /* UserNotificationsUI.framework in Frameworks */,
				463A1D881E99D18D0020166A /* UserNotifications.framework in Frameworks */,
			);
			runOnlyForDeploymentPostprocessing = 0;
		};
		469101341E992E360020B144 /* Frameworks */ = {
			isa = PBXFrameworksBuildPhase;
			buildActionMask = 2147483647;
			files = (
				0FE70A9E2E104B1BA53FB730 /* Pods_BZTimeCheck.framework in Frameworks */,
			);
			runOnlyForDeploymentPostprocessing = 0;
		};
		4691014D1E992E360020B144 /* Frameworks */ = {
			isa = PBXFrameworksBuildPhase;
			buildActionMask = 2147483647;
			files = (
				BB7703122D7E53945B5B0B43 /* Pods_BZTimeCheckTests.framework in Frameworks */,
			);
			runOnlyForDeploymentPostprocessing = 0;
		};
		469101581E992E360020B144 /* Frameworks */ = {
			isa = PBXFrameworksBuildPhase;
			buildActionMask = 2147483647;
			files = (
				D575BDDDFF37C04781ED0E6D /* Pods_BZTimeCheckUITests.framework in Frameworks */,
			);
			runOnlyForDeploymentPostprocessing = 0;
		};
/* End PBXFrameworksBuildPhase section */

/* Begin PBXGroup section */
		463A1D591E99BAA90020166A /* Flip */ = {
			isa = PBXGroup;
			children = (
				463A1D5A1E99BAC70020166A /* JDDateCountdownFlipView.h */,
				463A1D5B1E99BAC70020166A /* JDDateCountdownFlipView.m */,
				463A1D5C1E99BAC70020166A /* JDFlipClockView.h */,
				463A1D5D1E99BAC70020166A /* JDFlipClockView.m */,
				463A1D5E1E99BAC70020166A /* JDFlipImageView.h */,
				463A1D5F1E99BAC70020166A /* JDFlipImageView.m */,
				463A1D601E99BAC70020166A /* JDFlipNumberDigitView.h */,
				463A1D611E99BAC70020166A /* JDFlipNumberDigitView.m */,
				463A1D621E99BAC70020166A /* JDFlipNumberView.bundle */,
				463A1D631E99BAC70020166A /* JDFlipNumberView.h */,
				463A1D641E99BAC70020166A /* JDFlipNumberView.m */,
				463A1D651E99BAC70020166A /* JDFlipNumberViewImageFactory.h */,
				463A1D661E99BAC70020166A /* JDFlipNumberViewImageFactory.m */,
				463A1D671E99BAC70020166A /* UIView+JDFlipImageView.h */,
				463A1D681E99BAC70020166A /* UIView+JDFlipImageView.m */,
			);
			name = Flip;
			sourceTree = "<group>";
		};
		463A1D711E99BAE10020166A /* Images */ = {
			isa = PBXGroup;
			children = (
				467CEC6C1EA794D800FB2D1A /* Todo List-30.png */,
				467CEC6A1EA7940200FB2D1A /* Present-32.png */,
				467CEC681EA793C000FB2D1A /* Present-50.png */,
				463A1D721E99BB110020166A /* digits.png */,
				463A1D731E99BB110020166A /* Icon.psd */,
				463A1D741E99BB110020166A /* IconIOS7.psd */,
				463A1D751E99BB110020166A /* JDFlipNumberView.psd */,
				463A1D761E99BB110020166A /* JDFlipNumberViewIOS7.psd */,
				463A1D771E99BB110020166A /* screenshots.png */,
				463A1D781E99BB110020166A /* tweetbutton.png */,
			);
			name = Images;
			sourceTree = "<group>";
		};
		463A1D861E99D18D0020166A /* Frameworks */ = {
			isa = PBXGroup;
			children = (
				463A1D871E99D18D0020166A /* UserNotifications.framework */,
				463A1D891E99D18D0020166A /* UserNotificationsUI.framework */,
				88AEDA24FF6FCB0A63BC7B0D /* Pods_BZTimeCheck.framework */,
				24E87E57205110C739BAC920 /* Pods_BZTimeCheckTests.framework */,
				3234ADB8C70C5B5857CFDF44 /* Pods_BZTimeCheckUITests.framework */,
			);
			name = Frameworks;
			sourceTree = "<group>";
		};
		4691012E1E992E360020B144 = {
			isa = PBXGroup;
			children = (
				469101391E992E360020B144 /* BZTimeCheck */,
				469101531E992E360020B144 /* BZTimeCheckTests */,
				4691015E1E992E360020B144 /* BZTimeCheckUITests */,
				463A1D861E99D18D0020166A /* Frameworks */,
				469101381E992E360020B144 /* Products */,
				FE8657B5DF81D211317314BA /* Pods */,
			);
			sourceTree = "<group>";
		};
		469101381E992E360020B144 /* Products */ = {
			isa = PBXGroup;
			children = (
				469101371E992E360020B144 /* BZTimeCheck.app */,
				469101501E992E360020B144 /* BZTimeCheckTests.xctest */,
				4691015B1E992E360020B144 /* BZTimeCheckUITests.xctest */,
				463A1D851E99D18D0020166A /* NotiContent.appex */,
			);
			name = Products;
			sourceTree = "<group>";
		};
		469101391E992E360020B144 /* BZTimeCheck */ = {
			isa = PBXGroup;
			children = (
				46FEAA231EAC7FFF00F8517A /* Json */,
				463A1D801E99CC490020166A /* BZTimeCheck.entitlements */,
				463A1D711E99BAE10020166A /* Images */,
				463A1D591E99BAA90020166A /* Flip */,
				4691013D1E992E360020B144 /* AppDelegate.h */,
				4691013E1E992E360020B144 /* AppDelegate.m */,
				469101401E992E360020B144 /* ViewController.h */,
				469101411E992E360020B144 /* ViewController.m */,
				469101431E992E360020B144 /* Main.storyboard */,
				469101461E992E360020B144 /* Assets.xcassets */,
				469101481E992E360020B144 /* LaunchScreen.storyboard */,
				4691014B1E992E360020B144 /* Info.plist */,
				4691013A1E992E360020B144 /* Supporting Files */,
				463935EF1EA3AA63000FC733 /* WorkListTableViewController.h */,
				463935F01EA3AA63000FC733 /* WorkListTableViewController.m */,
				463935F21EA3ACFA000FC733 /* CommonConst.h */,
				463935F31EA3B2CB000FC733 /* WorkView.xib */,
				463935F51EA3B310000FC733 /* WorkTableViewCell.h */,
				463935F61EA3B310000FC733 /* WorkTableViewCell.m */,
				46A268601EAB92B600774F75 /* TabViewController.h */,
				46A268611EAB92B600774F75 /* TabViewController.m */,
				46FEAA781EAC832600F8517A /* LaunchViewController.h */,
				46FEAA791EAC832600F8517A /* LaunchViewController.m */,
			);
			path = BZTimeCheck;
			sourceTree = "<group>";
		};
		4691013A1E992E360020B144 /* Supporting Files */ = {
			isa = PBXGroup;
			children = (
				4691013B1E992E360020B144 /* main.m */,
			);
			name = "Supporting Files";
			sourceTree = "<group>";
		};
		469101531E992E360020B144 /* BZTimeCheckTests */ = {
			isa = PBXGroup;
			children = (
				469101541E992E360020B144 /* BZTimeCheckTests.m */,
				469101561E992E360020B144 /* Info.plist */,
			);
			path = BZTimeCheckTests;
			sourceTree = "<group>";
		};
		4691015E1E992E360020B144 /* BZTimeCheckUITests */ = {
			isa = PBXGroup;
			children = (
				4691015F1E992E360020B144 /* BZTimeCheckUITests.m */,
				469101611E992E360020B144 /* Info.plist */,
			);
			path = BZTimeCheckUITests;
			sourceTree = "<group>";
		};
		46FEAA231EAC7FFF00F8517A /* Json */ = {
			isa = PBXGroup;
			children = (
				46FEAA811EAC989A00F8517A /* quick_hart_select.json */,
				46FEAA7D1EAC8B7600F8517A /* play_button.json */,
				46FEAA7B1EAC864600F8517A /* clock.json */,
				46FEAA241EAC809B00F8517A /* 9squares-AlBoardman.json */,
				46FEAA251EAC809B00F8517A /* HamburgerArrow.json */,
				46FEAA261EAC809B00F8517A /* IconTransitions.json */,
				46FEAA271EAC809B00F8517A /* LottieLogo1_masked.json */,
				46FEAA281EAC809B00F8517A /* LottieLogo1.json */,
				46FEAA291EAC809B00F8517A /* LottieLogo2.json */,
				46FEAA2A1EAC809B00F8517A /* MotionCorpse-Jrcanest.json */,
				46FEAA2B1EAC809B00F8517A /* PinJump.json */,
				46FEAA2C1EAC809B00F8517A /* TwitterHeart.json */,
				46FEAA2D1EAC809B00F8517A /* A.json */,
				46FEAA2E1EAC809B00F8517A /* Apostrophe.json */,
				46FEAA2F1EAC809B00F8517A /* B.json */,
				46FEAA301EAC809B00F8517A /* BlinkingCursor.json */,
				46FEAA311EAC809B00F8517A /* C.json */,
				46FEAA321EAC809B00F8517A /* Colon.json */,
				46FEAA331EAC809B00F8517A /* Comma.json */,
				46FEAA341EAC809B00F8517A /* D.json */,
				46FEAA351EAC809B00F8517A /* E.json */,
				46FEAA361EAC809C00F8517A /* F.json */,
				46FEAA371EAC809C00F8517A /* G.json */,
				46FEAA381EAC809C00F8517A /* H.json */,
				46FEAA391EAC809C00F8517A /* I.json */,
				46FEAA3A1EAC809C00F8517A /* J.json */,
				46FEAA3B1EAC809C00F8517A /* K.json */,
				46FEAA3C1EAC809C00F8517A /* L.json */,
				46FEAA3D1EAC809C00F8517A /* M.json */,
				46FEAA3E1EAC809C00F8517A /* N.json */,
				46FEAA3F1EAC809C00F8517A /* O.json */,
				46FEAA401EAC809C00F8517A /* P.json */,
				46FEAA411EAC809C00F8517A /* Q.json */,
				46FEAA421EAC809C00F8517A /* R.json */,
				46FEAA431EAC809C00F8517A /* S.json */,
				46FEAA441EAC809C00F8517A /* T.json */,
				46FEAA451EAC809C00F8517A /* U.json */,
				46FEAA461EAC809C00F8517A /* V.json */,
				46FEAA471EAC809C00F8517A /* W.json */,
				46FEAA481EAC809C00F8517A /* X.json */,
				46FEAA491EAC809C00F8517A /* Y.json */,
				46FEAA4A1EAC809C00F8517A /* Z.json */,
				46FEAA4B1EAC809C00F8517A /* vcTransition1.json */,
				46FEAA4C1EAC809C00F8517A /* vcTransition2.json */,
				46FEAA4D1EAC809C00F8517A /* Watermelon.json */,
			);
			name = Json;
			sourceTree = "<group>";
		};
		FE8657B5DF81D211317314BA /* Pods */ = {
			isa = PBXGroup;
			children = (
				7795AE8078BF21905C055A91 /* Pods-BZTimeCheck.debug.xcconfig */,
				69EBB1E223F280AC7E965686 /* Pods-BZTimeCheck.release.xcconfig */,
				B160D569DB90960C4754A9EF /* Pods-BZTimeCheckTests.debug.xcconfig */,
				691779AEC1C1DB014EF9D55C /* Pods-BZTimeCheckTests.release.xcconfig */,
				BEC9A54E120F5C7231DA0872 /* Pods-BZTimeCheckUITests.debug.xcconfig */,
				310D3C75955CE909308E8A9A /* Pods-BZTimeCheckUITests.release.xcconfig */,
			);
			name = Pods;
			sourceTree = "<group>";
		};
/* End PBXGroup section */

/* Begin PBXNativeTarget section */
		463A1D841E99D18D0020166A /* NotiContent */ = {
			isa = PBXNativeTarget;
			buildConfigurationList = 463A1D961E99D18D0020166A /* Build configuration list for PBXNativeTarget "NotiContent" */;
			buildPhases = (
				463A1D811E99D18D0020166A /* Sources */,
				463A1D821E99D18D0020166A /* Frameworks */,
				463A1D831E99D18D0020166A /* Resources */,
			);
			buildRules = (
			);
			dependencies = (
			);
			name = NotiContent;
			productName = NotiContent;
			productReference = 463A1D851E99D18D0020166A /* NotiContent.appex */;
			productType = "com.apple.product-type.app-extension";
		};
		469101361E992E360020B144 /* BZTimeCheck */ = {
			isa = PBXNativeTarget;
			buildConfigurationList = 469101641E992E360020B144 /* Build configuration list for PBXNativeTarget "BZTimeCheck" */;
			buildPhases = (
				FA02C9C78744A90F5B2FC5E9 /* [CP] Check Pods Manifest.lock */,
				469101331E992E360020B144 /* Sources */,
				469101341E992E360020B144 /* Frameworks */,
				469101351E992E360020B144 /* Resources */,
				D7D81EA7E9413040DA4B4DBC /* [CP] Embed Pods Frameworks */,
				9EFBF654D285FA1D24FDA2A2 /* [CP] Copy Pods Resources */,
			);
			buildRules = (
			);
			dependencies = (
			);
			name = BZTimeCheck;
			productName = BZTimeCheck;
			productReference = 469101371E992E360020B144 /* BZTimeCheck.app */;
			productType = "com.apple.product-type.application";
		};
		4691014F1E992E360020B144 /* BZTimeCheckTests */ = {
			isa = PBXNativeTarget;
			buildConfigurationList = 469101671E992E360020B144 /* Build configuration list for PBXNativeTarget "BZTimeCheckTests" */;
			buildPhases = (
				0F116E4806F8F06E9862A8FB /* [CP] Check Pods Manifest.lock */,
				4691014C1E992E360020B144 /* Sources */,
				4691014D1E992E360020B144 /* Frameworks */,
				4691014E1E992E360020B144 /* Resources */,
				EFF6798E3533C50727E01F15 /* [CP] Embed Pods Frameworks */,
				A0432BC4A0902307D50B988E /* [CP] Copy Pods Resources */,
			);
			buildRules = (
			);
			dependencies = (
				469101521E992E360020B144 /* PBXTargetDependency */,
			);
			name = BZTimeCheckTests;
			productName = BZTimeCheckTests;
			productReference = 469101501E992E360020B144 /* BZTimeCheckTests.xctest */;
			productType = "com.apple.product-type.bundle.unit-test";
		};
		4691015A1E992E360020B144 /* BZTimeCheckUITests */ = {
			isa = PBXNativeTarget;
			buildConfigurationList = 4691016A1E992E360020B144 /* Build configuration list for PBXNativeTarget "BZTimeCheckUITests" */;
			buildPhases = (
				7C4F049C55BE3510D95D70C5 /* [CP] Check Pods Manifest.lock */,
				469101571E992E360020B144 /* Sources */,
				469101581E992E360020B144 /* Frameworks */,
				469101591E992E360020B144 /* Resources */,
				D0734DC4B9767DCE68054C2D /* [CP] Embed Pods Frameworks */,
				D8B823B3034F3B270974E6B4 /* [CP] Copy Pods Resources */,
			);
			buildRules = (
			);
			dependencies = (
				4691015D1E992E360020B144 /* PBXTargetDependency */,
			);
			name = BZTimeCheckUITests;
			productName = BZTimeCheckUITests;
			productReference = 4691015B1E992E360020B144 /* BZTimeCheckUITests.xctest */;
			productType = "com.apple.product-type.bundle.ui-testing";
		};
/* End PBXNativeTarget section */

/* Begin PBXProject section */
		4691012F1E992E360020B144 /* Project object */ = {
			isa = PBXProject;
			attributes = {
				LastUpgradeCheck = 0830;
				ORGANIZATIONNAME = "강문성";
				TargetAttributes = {
					463A1D841E99D18D0020166A = {
						CreatedOnToolsVersion = 8.3;
						DevelopmentTeam = BA28D3D95Q;
						ProvisioningStyle = Automatic;
						SystemCapabilities = {
							com.apple.Push = {
								enabled = 0;
							};
						};
					};
					469101361E992E360020B144 = {
						CreatedOnToolsVersion = 8.3;
						DevelopmentTeam = BA28D3D95Q;
						ProvisioningStyle = Automatic;
						SystemCapabilities = {
							com.apple.BackgroundModes = {
								enabled = 1;
							};
							com.apple.Push = {
								enabled = 0;
							};
						};
					};
					4691014F1E992E360020B144 = {
						CreatedOnToolsVersion = 8.3;
						DevelopmentTeam = BA28D3D95Q;
						ProvisioningStyle = Automatic;
						TestTargetID = 469101361E992E360020B144;
					};
					4691015A1E992E360020B144 = {
						CreatedOnToolsVersion = 8.3;
						DevelopmentTeam = BA28D3D95Q;
						ProvisioningStyle = Automatic;
						TestTargetID = 469101361E992E360020B144;
					};
				};
			};
			buildConfigurationList = 469101321E992E360020B144 /* Build configuration list for PBXProject "BZTimeCheck" */;
			compatibilityVersion = "Xcode 3.2";
			developmentRegion = English;
			hasScannedForEncodings = 0;
			knownRegions = (
				en,
				Base,
			);
			mainGroup = 4691012E1E992E360020B144;
			productRefGroup = 469101381E992E360020B144 /* Products */;
			projectDirPath = "";
			projectRoot = "";
			targets = (
				469101361E992E360020B144 /* BZTimeCheck */,
				4691014F1E992E360020B144 /* BZTimeCheckTests */,
				4691015A1E992E360020B144 /* BZTimeCheckUITests */,
				463A1D841E99D18D0020166A /* NotiContent */,
			);
		};
/* End PBXProject section */

/* Begin PBXResourcesBuildPhase section */
		463A1D831E99D18D0020166A /* Resources */ = {
			isa = PBXResourcesBuildPhase;
			buildActionMask = 2147483647;
			files = (
			);
			runOnlyForDeploymentPostprocessing = 0;
		};
		469101351E992E360020B144 /* Resources */ = {
			isa = PBXResourcesBuildPhase;
			buildActionMask = 2147483647;
			files = (
				46FEAA6B1EAC809C00F8517A /* Q.json in Resources */,
				46FEAA651EAC809C00F8517A /* K.json in Resources */,
				46FEAA561EAC809C00F8517A /* TwitterHeart.json in Resources */,
				467CEC6D1EA794D800FB2D1A /* Todo List-30.png in Resources */,
				463A1D6D1E99BAC70020166A /* JDFlipNumberView.bundle in Resources */,
				46FEAA591EAC809C00F8517A /* B.json in Resources */,
				463A1D7F1E99BB110020166A /* tweetbutton.png in Resources */,
				46FEAA6D1EAC809C00F8517A /* S.json in Resources */,
				46FEAA761EAC809C00F8517A /* vcTransition2.json in Resources */,
				46FEAA6A1EAC809C00F8517A /* P.json in Resources */,
				46FEAA671EAC809C00F8517A /* M.json in Resources */,
				46FEAA691EAC809C00F8517A /* O.json in Resources */,
				46FEAA6F1EAC809C00F8517A /* U.json in Resources */,
				46FEAA521EAC809C00F8517A /* LottieLogo1.json in Resources */,
				46FEAA5F1EAC809C00F8517A /* E.json in Resources */,
				467CEC6B1EA7940200FB2D1A /* Present-32.png in Resources */,
				46FEAA711EAC809C00F8517A /* W.json in Resources */,
				46FEAA541EAC809C00F8517A /* MotionCorpse-Jrcanest.json in Resources */,
				46FEAA661EAC809C00F8517A /* L.json in Resources */,
				46FEAA741EAC809C00F8517A /* Z.json in Resources */,
				4691014A1E992E360020B144 /* LaunchScreen.storyboard in Resources */,
				46FEAA631EAC809C00F8517A /* I.json in Resources */,
				46FEAA6E1EAC809C00F8517A /* T.json in Resources */,
				46FEAA701EAC809C00F8517A /* V.json in Resources */,
				46FEAA5B1EAC809C00F8517A /* C.json in Resources */,
				467CEC691EA793C000FB2D1A /* Present-50.png in Resources */,
				46FEAA511EAC809C00F8517A /* LottieLogo1_masked.json in Resources */,
				46FEAA751EAC809C00F8517A /* vcTransition1.json in Resources */,
				46FEAA771EAC809C00F8517A /* Watermelon.json in Resources */,
				463A1D7A1E99BB110020166A /* Icon.psd in Resources */,
				46FEAA721EAC809C00F8517A /* X.json in Resources */,
				46FEAA7E1EAC8B7600F8517A /* play_button.json in Resources */,
				46FEAA821EAC989A00F8517A /* quick_hart_select.json in Resources */,
				46FEAA681EAC809C00F8517A /* N.json in Resources */,
				46FEAA6C1EAC809C00F8517A /* R.json in Resources */,
				463A1D7E1E99BB110020166A /* screenshots.png in Resources */,
				463A1D7D1E99BB110020166A /* JDFlipNumberViewIOS7.psd in Resources */,
				46FEAA501EAC809C00F8517A /* IconTransitions.json in Resources */,
				463A1D7B1E99BB110020166A /* IconIOS7.psd in Resources */,
				46FEAA621EAC809C00F8517A /* H.json in Resources */,
				46FEAA641EAC809C00F8517A /* J.json in Resources */,
				46FEAA571EAC809C00F8517A /* A.json in Resources */,
				46FEAA5E1EAC809C00F8517A /* D.json in Resources */,
				46FEAA531EAC809C00F8517A /* LottieLogo2.json in Resources */,
				463935F41EA3B2CB000FC733 /* WorkView.xib in Resources */,
				46FEAA581EAC809C00F8517A /* Apostrophe.json in Resources */,
				46FEAA551EAC809C00F8517A /* PinJump.json in Resources */,
				46FEAA4E1EAC809C00F8517A /* 9squares-AlBoardman.json in Resources */,
				46FEAA611EAC809C00F8517A /* G.json in Resources */,
				46FEAA5C1EAC809C00F8517A /* Colon.json in Resources */,
				469101471E992E360020B144 /* Assets.xcassets in Resources */,
				46FEAA5A1EAC809C00F8517A /* BlinkingCursor.json in Resources */,
				463A1D791E99BB110020166A /* digits.png in Resources */,
				463A1D7C1E99BB110020166A /* JDFlipNumberView.psd in Resources */,
				46FEAA731EAC809C00F8517A /* Y.json in Resources */,
				469101451E992E360020B144 /* Main.storyboard in Resources */,
				46FEAA5D1EAC809C00F8517A /* Comma.json in Resources */,
				46FEAA601EAC809C00F8517A /* F.json in Resources */,
				46FEAA7C1EAC864600F8517A /* clock.json in Resources */,
				46FEAA4F1EAC809C00F8517A /* HamburgerArrow.json in Resources */,
			);
			runOnlyForDeploymentPostprocessing = 0;
		};
		4691014E1E992E360020B144 /* Resources */ = {
			isa = PBXResourcesBuildPhase;
			buildActionMask = 2147483647;
			files = (
			);
			runOnlyForDeploymentPostprocessing = 0;
		};
		469101591E992E360020B144 /* Resources */ = {
			isa = PBXResourcesBuildPhase;
			buildActionMask = 2147483647;
			files = (
			);
			runOnlyForDeploymentPostprocessing = 0;
		};
/* End PBXResourcesBuildPhase section */

/* Begin PBXShellScriptBuildPhase section */
		0F116E4806F8F06E9862A8FB /* [CP] Check Pods Manifest.lock */ = {
			isa = PBXShellScriptBuildPhase;
			buildActionMask = 2147483647;
			files = (
			);
			inputPaths = (
			);
			name = "[CP] Check Pods Manifest.lock";
			outputPaths = (
			);
			runOnlyForDeploymentPostprocessing = 0;
			shellPath = /bin/sh;
			shellScript = "diff \"${PODS_PODFILE_DIR_PATH}/Podfile.lock\" \"${PODS_ROOT}/Manifest.lock\" > /dev/null\nif [ $? != 0 ] ; then\n    # print error to STDERR\n    echo \"error: The sandbox is not in sync with the Podfile.lock. Run 'pod install' or update your CocoaPods installation.\" >&2\n    exit 1\nfi\n";
			showEnvVarsInLog = 0;
		};
		7C4F049C55BE3510D95D70C5 /* [CP] Check Pods Manifest.lock */ = {
			isa = PBXShellScriptBuildPhase;
			buildActionMask = 2147483647;
			files = (
			);
			inputPaths = (
			);
			name = "[CP] Check Pods Manifest.lock";
			outputPaths = (
			);
			runOnlyForDeploymentPostprocessing = 0;
			shellPath = /bin/sh;
			shellScript = "diff \"${PODS_PODFILE_DIR_PATH}/Podfile.lock\" \"${PODS_ROOT}/Manifest.lock\" > /dev/null\nif [ $? != 0 ] ; then\n    # print error to STDERR\n    echo \"error: The sandbox is not in sync with the Podfile.lock. Run 'pod install' or update your CocoaPods installation.\" >&2\n    exit 1\nfi\n";
			showEnvVarsInLog = 0;
		};
		9EFBF654D285FA1D24FDA2A2 /* [CP] Copy Pods Resources */ = {
			isa = PBXShellScriptBuildPhase;
			buildActionMask = 2147483647;
			files = (
			);
			inputPaths = (
			);
			name = "[CP] Copy Pods Resources";
			outputPaths = (
			);
			runOnlyForDeploymentPostprocessing = 0;
			shellPath = /bin/sh;
			shellScript = "\"${SRCROOT}/Pods/Target Support Files/Pods-BZTimeCheck/Pods-BZTimeCheck-resources.sh\"\n";
			showEnvVarsInLog = 0;
		};
		A0432BC4A0902307D50B988E /* [CP] Copy Pods Resources */ = {
			isa = PBXShellScriptBuildPhase;
			buildActionMask = 2147483647;
			files = (
			);
			inputPaths = (
			);
			name = "[CP] Copy Pods Resources";
			outputPaths = (
			);
			runOnlyForDeploymentPostprocessing = 0;
			shellPath = /bin/sh;
			shellScript = "\"${SRCROOT}/Pods/Target Support Files/Pods-BZTimeCheckTests/Pods-BZTimeCheckTests-resources.sh\"\n";
			showEnvVarsInLog = 0;
		};
		D0734DC4B9767DCE68054C2D /* [CP] Embed Pods Frameworks */ = {
			isa = PBXShellScriptBuildPhase;
			buildActionMask = 2147483647;
			files = (
			);
			inputPaths = (
			);
			name = "[CP] Embed Pods Frameworks";
			outputPaths = (
			);
			runOnlyForDeploymentPostprocessing = 0;
			shellPath = /bin/sh;
			shellScript = "\"${SRCROOT}/Pods/Target Support Files/Pods-BZTimeCheckUITests/Pods-BZTimeCheckUITests-frameworks.sh\"\n";
			showEnvVarsInLog = 0;
		};
		D7D81EA7E9413040DA4B4DBC /* [CP] Embed Pods Frameworks */ = {
			isa = PBXShellScriptBuildPhase;
			buildActionMask = 2147483647;
			files = (
			);
			inputPaths = (
			);
			name = "[CP] Embed Pods Frameworks";
			outputPaths = (
			);
			runOnlyForDeploymentPostprocessing = 0;
			shellPath = /bin/sh;
			shellScript = "\"${SRCROOT}/Pods/Target Support Files/Pods-BZTimeCheck/Pods-BZTimeCheck-frameworks.sh\"\n";
			showEnvVarsInLog = 0;
		};
		D8B823B3034F3B270974E6B4 /* [CP] Copy Pods Resources */ = {
			isa = PBXShellScriptBuildPhase;
			buildActionMask = 2147483647;
			files = (
			);
			inputPaths = (
			);
			name = "[CP] Copy Pods Resources";
			outputPaths = (
			);
			runOnlyForDeploymentPostprocessing = 0;
			shellPath = /bin/sh;
			shellScript = "\"${SRCROOT}/Pods/Target Support Files/Pods-BZTimeCheckUITests/Pods-BZTimeCheckUITests-resources.sh\"\n";
			showEnvVarsInLog = 0;
		};
		EFF6798E3533C50727E01F15 /* [CP] Embed Pods Frameworks */ = {
			isa = PBXShellScriptBuildPhase;
			buildActionMask = 2147483647;
			files = (
			);
			inputPaths = (
			);
			name = "[CP] Embed Pods Frameworks";
			outputPaths = (
			);
			runOnlyForDeploymentPostprocessing = 0;
			shellPath = /bin/sh;
			shellScript = "\"${SRCROOT}/Pods/Target Support Files/Pods-BZTimeCheckTests/Pods-BZTimeCheckTests-frameworks.sh\"\n";
			showEnvVarsInLog = 0;
		};
		FA02C9C78744A90F5B2FC5E9 /* [CP] Check Pods Manifest.lock */ = {
			isa = PBXShellScriptBuildPhase;
			buildActionMask = 2147483647;
			files = (
			);
			inputPaths = (
			);
			name = "[CP] Check Pods Manifest.lock";
			outputPaths = (
			);
			runOnlyForDeploymentPostprocessing = 0;
			shellPath = /bin/sh;
			shellScript = "diff \"${PODS_PODFILE_DIR_PATH}/Podfile.lock\" \"${PODS_ROOT}/Manifest.lock\" > /dev/null\nif [ $? != 0 ] ; then\n    # print error to STDERR\n    echo \"error: The sandbox is not in sync with the Podfile.lock. Run 'pod install' or update your CocoaPods installation.\" >&2\n    exit 1\nfi\n";
			showEnvVarsInLog = 0;
		};
/* End PBXShellScriptBuildPhase section */

/* Begin PBXSourcesBuildPhase section */
		463A1D811E99D18D0020166A /* Sources */ = {
			isa = PBXSourcesBuildPhase;
			buildActionMask = 2147483647;
			files = (
			);
			runOnlyForDeploymentPostprocessing = 0;
		};
		469101331E992E360020B144 /* Sources */ = {
			isa = PBXSourcesBuildPhase;
			buildActionMask = 2147483647;
			files = (
				463A1D701E99BAC70020166A /* UIView+JDFlipImageView.m in Sources */,
				463A1D6C1E99BAC70020166A /* JDFlipNumberDigitView.m in Sources */,
				469101421E992E360020B144 /* ViewController.m in Sources */,
				46FEAA7A1EAC832600F8517A /* LaunchViewController.m in Sources */,
				463A1D6E1E99BAC70020166A /* JDFlipNumberView.m in Sources */,
				463935F71EA3B310000FC733 /* WorkTableViewCell.m in Sources */,
				463A1D6A1E99BAC70020166A /* JDFlipClockView.m in Sources */,
				46A268621EAB92B600774F75 /* TabViewController.m in Sources */,
				463935F11EA3AA63000FC733 /* WorkListTableViewController.m in Sources */,
				4691013F1E992E360020B144 /* AppDelegate.m in Sources */,
				463A1D6B1E99BAC70020166A /* JDFlipImageView.m in Sources */,
				4691013C1E992E360020B144 /* main.m in Sources */,
				463A1D691E99BAC70020166A /* JDDateCountdownFlipView.m in Sources */,
				463A1D6F1E99BAC70020166A /* JDFlipNumberViewImageFactory.m in Sources */,
			);
			runOnlyForDeploymentPostprocessing = 0;
		};
		4691014C1E992E360020B144 /* Sources */ = {
			isa = PBXSourcesBuildPhase;
			buildActionMask = 2147483647;
			files = (
				469101551E992E360020B144 /* BZTimeCheckTests.m in Sources */,
			);
			runOnlyForDeploymentPostprocessing = 0;
		};
		469101571E992E360020B144 /* Sources */ = {
			isa = PBXSourcesBuildPhase;
			buildActionMask = 2147483647;
			files = (
				469101601E992E360020B144 /* BZTimeCheckUITests.m in Sources */,
			);
			runOnlyForDeploymentPostprocessing = 0;
		};
/* End PBXSourcesBuildPhase section */

/* Begin PBXTargetDependency section */
		469101521E992E360020B144 /* PBXTargetDependency */ = {
			isa = PBXTargetDependency;
			target = 469101361E992E360020B144 /* BZTimeCheck */;
			targetProxy = 469101511E992E360020B144 /* PBXContainerItemProxy */;
		};
		4691015D1E992E360020B144 /* PBXTargetDependency */ = {
			isa = PBXTargetDependency;
			target = 469101361E992E360020B144 /* BZTimeCheck */;
			targetProxy = 4691015C1E992E360020B144 /* PBXContainerItemProxy */;
		};
/* End PBXTargetDependency section */

/* Begin PBXVariantGroup section */
		469101431E992E360020B144 /* Main.storyboard */ = {
			isa = PBXVariantGroup;
			children = (
				469101441E992E360020B144 /* Base */,
			);
			name = Main.storyboard;
			sourceTree = "<group>";
		};
		469101481E992E360020B144 /* LaunchScreen.storyboard */ = {
			isa = PBXVariantGroup;
			children = (
				469101491E992E360020B144 /* Base */,
			);
			name = LaunchScreen.storyboard;
			sourceTree = "<group>";
		};
/* End PBXVariantGroup section */

/* Begin XCBuildConfiguration section */
		463A1D971E99D18D0020166A /* Debug */ = {
			isa = XCBuildConfiguration;
			buildSettings = {
				DEVELOPMENT_TEAM = BA28D3D95Q;
				INFOPLIST_FILE = NotiContent/Info.plist;
				LD_RUNPATH_SEARCH_PATHS = "$(inherited) @executable_path/Frameworks @executable_path/../../Frameworks";
				PRODUCT_BUNDLE_IDENTIFIER = com.mskang.BZTimeCheck.NotiContent;
				PRODUCT_NAME = "$(TARGET_NAME)";
				SKIP_INSTALL = YES;
			};
			name = Debug;
		};
		463A1D981E99D18D0020166A /* Release */ = {
			isa = XCBuildConfiguration;
			buildSettings = {
				DEVELOPMENT_TEAM = BA28D3D95Q;
				INFOPLIST_FILE = NotiContent/Info.plist;
				LD_RUNPATH_SEARCH_PATHS = "$(inherited) @executable_path/Frameworks @executable_path/../../Frameworks";
				PRODUCT_BUNDLE_IDENTIFIER = com.mskang.BZTimeCheck.NotiContent;
				PRODUCT_NAME = "$(TARGET_NAME)";
				SKIP_INSTALL = YES;
			};
			name = Release;
		};
		469101621E992E360020B144 /* Debug */ = {
			isa = XCBuildConfiguration;
			buildSettings = {
				ALWAYS_SEARCH_USER_PATHS = NO;
				CLANG_ANALYZER_NONNULL = YES;
				CLANG_ANALYZER_NUMBER_OBJECT_CONVERSION = YES_AGGRESSIVE;
				CLANG_CXX_LANGUAGE_STANDARD = "gnu++0x";
				CLANG_CXX_LIBRARY = "libc++";
				CLANG_ENABLE_MODULES = YES;
				CLANG_ENABLE_OBJC_ARC = YES;
				CLANG_WARN_BOOL_CONVERSION = YES;
				CLANG_WARN_CONSTANT_CONVERSION = YES;
				CLANG_WARN_DIRECT_OBJC_ISA_USAGE = YES_ERROR;
				CLANG_WARN_DOCUMENTATION_COMMENTS = YES;
				CLANG_WARN_EMPTY_BODY = YES;
				CLANG_WARN_ENUM_CONVERSION = YES;
				CLANG_WARN_INFINITE_RECURSION = YES;
				CLANG_WARN_INT_CONVERSION = YES;
				CLANG_WARN_OBJC_ROOT_CLASS = YES_ERROR;
				CLANG_WARN_SUSPICIOUS_MOVE = YES;
				CLANG_WARN_UNREACHABLE_CODE = YES;
				CLANG_WARN__DUPLICATE_METHOD_MATCH = YES;
				"CODE_SIGN_IDENTITY[sdk=iphoneos*]" = "iPhone Developer";
				COPY_PHASE_STRIP = NO;
				DEBUG_INFORMATION_FORMAT = dwarf;
				ENABLE_STRICT_OBJC_MSGSEND = YES;
				ENABLE_TESTABILITY = YES;
				GCC_C_LANGUAGE_STANDARD = gnu99;
				GCC_DYNAMIC_NO_PIC = NO;
				GCC_NO_COMMON_BLOCKS = YES;
				GCC_OPTIMIZATION_LEVEL = 0;
				GCC_PREPROCESSOR_DEFINITIONS = (
					"DEBUG=1",
					"$(inherited)",
				);
				GCC_WARN_64_TO_32_BIT_CONVERSION = YES;
				GCC_WARN_ABOUT_RETURN_TYPE = YES_ERROR;
				GCC_WARN_UNDECLARED_SELECTOR = YES;
				GCC_WARN_UNINITIALIZED_AUTOS = YES_AGGRESSIVE;
				GCC_WARN_UNUSED_FUNCTION = YES;
				GCC_WARN_UNUSED_VARIABLE = YES;
				IPHONEOS_DEPLOYMENT_TARGET = 10.3;
				MTL_ENABLE_DEBUG_INFO = YES;
				ONLY_ACTIVE_ARCH = YES;
				SDKROOT = iphoneos;
			};
			name = Debug;
		};
		469101631E992E360020B144 /* Release */ = {
			isa = XCBuildConfiguration;
			buildSettings = {
				ALWAYS_SEARCH_USER_PATHS = NO;
				CLANG_ANALYZER_NONNULL = YES;
				CLANG_ANALYZER_NUMBER_OBJECT_CONVERSION = YES_AGGRESSIVE;
				CLANG_CXX_LANGUAGE_STANDARD = "gnu++0x";
				CLANG_CXX_LIBRARY = "libc++";
				CLANG_ENABLE_MODULES = YES;
				CLANG_ENABLE_OBJC_ARC = YES;
				CLANG_WARN_BOOL_CONVERSION = YES;
				CLANG_WARN_CONSTANT_CONVERSION = YES;
				CLANG_WARN_DIRECT_OBJC_ISA_USAGE = YES_ERROR;
				CLANG_WARN_DOCUMENTATION_COMMENTS = YES;
				CLANG_WARN_EMPTY_BODY = YES;
				CLANG_WARN_ENUM_CONVERSION = YES;
				CLANG_WARN_INFINITE_RECURSION = YES;
				CLANG_WARN_INT_CONVERSION = YES;
				CLANG_WARN_OBJC_ROOT_CLASS = YES_ERROR;
				CLANG_WARN_SUSPICIOUS_MOVE = YES;
				CLANG_WARN_UNREACHABLE_CODE = YES;
				CLANG_WARN__DUPLICATE_METHOD_MATCH = YES;
				"CODE_SIGN_IDENTITY[sdk=iphoneos*]" = "iPhone Developer";
				COPY_PHASE_STRIP = NO;
				DEBUG_INFORMATION_FORMAT = "dwarf-with-dsym";
				ENABLE_NS_ASSERTIONS = NO;
				ENABLE_STRICT_OBJC_MSGSEND = YES;
				GCC_C_LANGUAGE_STANDARD = gnu99;
				GCC_NO_COMMON_BLOCKS = YES;
				GCC_WARN_64_TO_32_BIT_CONVERSION = YES;
				GCC_WARN_ABOUT_RETURN_TYPE = YES_ERROR;
				GCC_WARN_UNDECLARED_SELECTOR = YES;
				GCC_WARN_UNINITIALIZED_AUTOS = YES_AGGRESSIVE;
				GCC_WARN_UNUSED_FUNCTION = YES;
				GCC_WARN_UNUSED_VARIABLE = YES;
				IPHONEOS_DEPLOYMENT_TARGET = 10.3;
				MTL_ENABLE_DEBUG_INFO = NO;
				SDKROOT = iphoneos;
				VALIDATE_PRODUCT = YES;
			};
			name = Release;
		};
		469101651E992E360020B144 /* Debug */ = {
			isa = XCBuildConfiguration;
			baseConfigurationReference = 7795AE8078BF21905C055A91 /* Pods-BZTimeCheck.debug.xcconfig */;
			buildSettings = {
				ASSETCATALOG_COMPILER_APPICON_NAME = "AppIcon-2";
				DEVELOPMENT_TEAM = BA28D3D95Q;
				INFOPLIST_FILE = BZTimeCheck/Info.plist;
				IPHONEOS_DEPLOYMENT_TARGET = 9.0;
				LD_RUNPATH_SEARCH_PATHS = "$(inherited) @executable_path/Frameworks";
				PRODUCT_BUNDLE_IDENTIFIER = com.mskang.BZTimeCheck;
				PRODUCT_NAME = "$(TARGET_NAME)";
			};
			name = Debug;
		};
		469101661E992E360020B144 /* Release */ = {
			isa = XCBuildConfiguration;
			baseConfigurationReference = 69EBB1E223F280AC7E965686 /* Pods-BZTimeCheck.release.xcconfig */;
			buildSettings = {
				ASSETCATALOG_COMPILER_APPICON_NAME = "AppIcon-2";
				DEVELOPMENT_TEAM = BA28D3D95Q;
				INFOPLIST_FILE = BZTimeCheck/Info.plist;
				IPHONEOS_DEPLOYMENT_TARGET = 9.0;
				LD_RUNPATH_SEARCH_PATHS = "$(inherited) @executable_path/Frameworks";
				PRODUCT_BUNDLE_IDENTIFIER = com.mskang.BZTimeCheck;
				PRODUCT_NAME = "$(TARGET_NAME)";
			};
			name = Release;
		};
		469101681E992E360020B144 /* Debug */ = {
			isa = XCBuildConfiguration;
			baseConfigurationReference = B160D569DB90960C4754A9EF /* Pods-BZTimeCheckTests.debug.xcconfig */;
			buildSettings = {
				BUNDLE_LOADER = "$(TEST_HOST)";
				DEVELOPMENT_TEAM = BA28D3D95Q;
				INFOPLIST_FILE = BZTimeCheckTests/Info.plist;
				LD_RUNPATH_SEARCH_PATHS = "$(inherited) @executable_path/Frameworks @loader_path/Frameworks";
				PRODUCT_BUNDLE_IDENTIFIER = com.mskang.BZTimeCheckTests;
				PRODUCT_NAME = "$(TARGET_NAME)";
				TEST_HOST = "$(BUILT_PRODUCTS_DIR)/BZTimeCheck.app/BZTimeCheck";
			};
			name = Debug;
		};
		469101691E992E360020B144 /* Release */ = {
			isa = XCBuildConfiguration;
			baseConfigurationReference = 691779AEC1C1DB014EF9D55C /* Pods-BZTimeCheckTests.release.xcconfig */;
			buildSettings = {
				BUNDLE_LOADER = "$(TEST_HOST)";
				DEVELOPMENT_TEAM = BA28D3D95Q;
				INFOPLIST_FILE = BZTimeCheckTests/Info.plist;
				LD_RUNPATH_SEARCH_PATHS = "$(inherited) @executable_path/Frameworks @loader_path/Frameworks";
				PRODUCT_BUNDLE_IDENTIFIER = com.mskang.BZTimeCheckTests;
				PRODUCT_NAME = "$(TARGET_NAME)";
				TEST_HOST = "$(BUILT_PRODUCTS_DIR)/BZTimeCheck.app/BZTimeCheck";
			};
			name = Release;
		};
		4691016B1E992E360020B144 /* Debug */ = {
			isa = XCBuildConfiguration;
			baseConfigurationReference = BEC9A54E120F5C7231DA0872 /* Pods-BZTimeCheckUITests.debug.xcconfig */;
			buildSettings = {
				DEVELOPMENT_TEAM = BA28D3D95Q;
				INFOPLIST_FILE = BZTimeCheckUITests/Info.plist;
				LD_RUNPATH_SEARCH_PATHS = "$(inherited) @executable_path/Frameworks @loader_path/Frameworks";
				PRODUCT_BUNDLE_IDENTIFIER = com.mskang.BZTimeCheckUITests;
				PRODUCT_NAME = "$(TARGET_NAME)";
				TEST_TARGET_NAME = BZTimeCheck;
			};
			name = Debug;
		};
		4691016C1E992E360020B144 /* Release */ = {
			isa = XCBuildConfiguration;
			baseConfigurationReference = 310D3C75955CE909308E8A9A /* Pods-BZTimeCheckUITests.release.xcconfig */;
			buildSettings = {
				DEVELOPMENT_TEAM = BA28D3D95Q;
				INFOPLIST_FILE = BZTimeCheckUITests/Info.plist;
				LD_RUNPATH_SEARCH_PATHS = "$(inherited) @executable_path/Frameworks @loader_path/Frameworks";
				PRODUCT_BUNDLE_IDENTIFIER = com.mskang.BZTimeCheckUITests;
				PRODUCT_NAME = "$(TARGET_NAME)";
				TEST_TARGET_NAME = BZTimeCheck;
			};
			name = Release;
		};
/* End XCBuildConfiguration section */

/* Begin XCConfigurationList section */
		463A1D961E99D18D0020166A /* Build configuration list for PBXNativeTarget "NotiContent" */ = {
			isa = XCConfigurationList;
			buildConfigurations = (
				463A1D971E99D18D0020166A /* Debug */,
				463A1D981E99D18D0020166A /* Release */,
			);
			defaultConfigurationIsVisible = 0;
			defaultConfigurationName = Release;
		};
		469101321E992E360020B144 /* Build configuration list for PBXProject "BZTimeCheck" */ = {
			isa = XCConfigurationList;
			buildConfigurations = (
				469101621E992E360020B144 /* Debug */,
				469101631E992E360020B144 /* Release */,
			);
			defaultConfigurationIsVisible = 0;
			defaultConfigurationName = Release;
		};
		469101641E992E360020B144 /* Build configuration list for PBXNativeTarget "BZTimeCheck" */ = {
			isa = XCConfigurationList;
			buildConfigurations = (
				469101651E992E360020B144 /* Debug */,
				469101661E992E360020B144 /* Release */,
			);
			defaultConfigurationIsVisible = 0;
			defaultConfigurationName = Release;
		};
		469101671E992E360020B144 /* Build configuration list for PBXNativeTarget "BZTimeCheckTests" */ = {
			isa = XCConfigurationList;
			buildConfigurations = (
				469101681E992E360020B144 /* Debug */,
				469101691E992E360020B144 /* Release */,
			);
			defaultConfigurationIsVisible = 0;
			defaultConfigurationName = Release;
		};
		4691016A1E992E360020B144 /* Build configuration list for PBXNativeTarget "BZTimeCheckUITests" */ = {
			isa = XCConfigurationList;
			buildConfigurations = (
				4691016B1E992E360020B144 /* Debug */,
				4691016C1E992E360020B144 /* Release */,
			);
			defaultConfigurationIsVisible = 0;
			defaultConfigurationName = Release;
		};
/* End XCConfigurationList section */
	};
	rootObject = 4691012F1E992E360020B144 /* Project object */;
}
